
Microsoft Visual Studio Solution File, Format Version 12.00
# Visual Studio Version 17
VisualStudioVersion = 17.0.31919.166
MinimumVisualStudioVersion = 10.0.40219.1
Project("{FAE04EC0-301F-11D3-BF4B-00C04F79EFBC}") = "Notepad", "Notepad\Notepad.csproj", "{000A80D1-23F3-437D-A216-FD96A340ED4A}"
EndProject
Global
	GlobalSection(SolutionConfigurationPlatforms) = preSolution
		Debug|Any CPU = Debug|Any CPU
		Release|Any CPU = Release|Any CPU
	EndGlobalSection
	GlobalSection(ProjectConfigurationPlatforms) = postSolution
		{000A80D1-23F3-437D-A216-FD96A340ED4A}.Debug|Any CPU.ActiveCfg = Debug|Any CPU
		{000A80D1-23F3-437D-A216-FD96A340ED4A}.Debug|Any CPU.Build.0 = Debug|Any CPU
		{000A80D1-23F3-437D-A216-FD96A340ED4A}.Release|Any CPU.ActiveCfg = Release|Any CPU
		{000A80D1-23F3-437D-A216-FD96A340ED4A}.Release|Any CPU.Build.0 = Release|Any CPU
	EndGlobalSection
	GlobalSection(SolutionProperties) = preSolution
		HideSolutionNode = FALSE
	EndGlobalSection
	GlobalSection(ExtensibilityGlobals) = postSolution
		SolutionGuid = {6A9D7C29-3E0B-460E-95C7-8E64F6657FC9}
	EndGlobalSection
EndGlobal
